
Microsoft Visual Studio Solution File, Format Version 12.00
# Visual Studio 14
VisualStudioVersion = 14.0.25420.1
MinimumVisualStudioVersion = 10.0.40219.1
Project("{FAE04EC0-301F-11D3-BF4B-00C04F79EFBC}") = "testImpol", "testImpol\testImpol.csproj", "{4A82764C-8C6D-4F47-99C0-7041942A4707}"
EndProject
Project("{FAE04EC0-301F-11D3-BF4B-00C04F79EFBC}") = "rondAlgo", "rondAlgo\rondAlgo.csproj", "{8F58ADFF-9C97-4495-83F7-60429FFBB0B0}"
EndProject
Project("{FAE04EC0-301F-11D3-BF4B-00C04F79EFBC}") = "calculationTest", "calculationTest\calculationTest.csproj", "{1B2426E5-ECF6-473F-8E68-2756A3497147}"
EndProject
Global
	GlobalSection(SolutionConfigurationPlatforms) = preSolution
		Debug|Any CPU = Debug|Any CPU
		Release|Any CPU = Release|Any CPU
	EndGlobalSection
	GlobalSection(ProjectConfigurationPlatforms) = postSolution
		{4A82764C-8C6D-4F47-99C0-7041942A4707}.Debug|Any CPU.ActiveCfg = Debug|Any CPU
		{4A82764C-8C6D-4F47-99C0-7041942A4707}.Debug|Any CPU.Build.0 = Debug|Any CPU
		{4A82764C-8C6D-4F47-99C0-7041942A4707}.Release|Any CPU.ActiveCfg = Release|Any CPU
		{4A82764C-8C6D-4F47-99C0-7041942A4707}.Release|Any CPU.Build.0 = Release|Any CPU
		{8F58ADFF-9C97-4495-83F7-60429FFBB0B0}.Debug|Any CPU.ActiveCfg = Debug|Any CPU
		{8F58ADFF-9C97-4495-83F7-60429FFBB0B0}.Debug|Any CPU.Build.0 = Debug|Any CPU
		{8F58ADFF-9C97-4495-83F7-60429FFBB0B0}.Release|Any CPU.ActiveCfg = Release|Any CPU
		{8F58ADFF-9C97-4495-83F7-60429FFBB0B0}.Release|Any CPU.Build.0 = Release|Any CPU
		{1B2426E5-ECF6-473F-8E68-2756A3497147}.Debug|Any CPU.ActiveCfg = Debug|Any CPU
		{1B2426E5-ECF6-473F-8E68-2756A3497147}.Debug|Any CPU.Build.0 = Debug|Any CPU
		{1B2426E5-ECF6-473F-8E68-2756A3497147}.Release|Any CPU.ActiveCfg = Release|Any CPU
		{1B2426E5-ECF6-473F-8E68-2756A3497147}.Release|Any CPU.Build.0 = Release|Any CPU
	EndGlobalSection
	GlobalSection(SolutionProperties) = preSolution
		HideSolutionNode = FALSE
	EndGlobalSection
EndGlobal
